// !$*UTF8*$!
{
	archiveVersion = 1;
	classes = {
	};
	objectVersion = 56;
	objects = {

/* Begin PBXBuildFile section */
		B30381472B4E3253008B951D /* BudgetApp.swift in Sources */ = {isa = PBXBuildFile; fileRef = B30381462B4E3253008B951D /* BudgetApp.swift */; };
		B30381492B4E3253008B951D /* ContentView.swift in Sources */ = {isa = PBXBuildFile; fileRef = B30381482B4E3253008B951D /* ContentView.swift */; };
		B303814B2B4E3255008B951D /* Assets.xcassets in Resources */ = {isa = PBXBuildFile; fileRef = B303814A2B4E3255008B951D /* Assets.xcassets */; };
		B303814E2B4E3255008B951D /* Preview Assets.xcassets in Resources */ = {isa = PBXBuildFile; fileRef = B303814D2B4E3255008B951D /* Preview Assets.xcassets */; };
		B30381582B4E3255008B951D /* BudgetTests.swift in Sources */ = {isa = PBXBuildFile; fileRef = B30381572B4E3255008B951D /* BudgetTests.swift */; };
		B30381622B4E3255008B951D /* BudgetUITests.swift in Sources */ = {isa = PBXBuildFile; fileRef = B30381612B4E3255008B951D /* BudgetUITests.swift */; };
		B30381642B4E3255008B951D /* BudgetUITestsLaunchTests.swift in Sources */ = {isa = PBXBuildFile; fileRef = B30381632B4E3255008B951D /* BudgetUITestsLaunchTests.swift */; };
		B382C3482B7B16AA00495148 /* CheckeredMesh.swift in Sources */ = {isa = PBXBuildFile; fileRef = B382C3472B7B16AA00495148 /* CheckeredMesh.swift */; };
		B382C34A2B7B200D00495148 /* MeshComponent.swift in Sources */ = {isa = PBXBuildFile; fileRef = B382C3492B7B200D00495148 /* MeshComponent.swift */; };
		B3877ACB2B79A47E009EAE94 /* WaveComponent.swift in Sources */ = {isa = PBXBuildFile; fileRef = B3877ACA2B79A47E009EAE94 /* WaveComponent.swift */; };
		B387E1972B57158400FA067B /* CustomRectangle.swift in Sources */ = {isa = PBXBuildFile; fileRef = B387E1962B57158400FA067B /* CustomRectangle.swift */; };
		B387E19A2B571DD500FA067B /* CustomCircle.swift in Sources */ = {isa = PBXBuildFile; fileRef = B387E1992B571DD500FA067B /* CustomCircle.swift */; };
		B387E1A02B5728AA00FA067B /* ContentViewVm.swift in Sources */ = {isa = PBXBuildFile; fileRef = B387E19F2B5728AA00FA067B /* ContentViewVm.swift */; };
		B387E1A22B57406500FA067B /* GraphicalComponent.swift in Sources */ = {isa = PBXBuildFile; fileRef = B387E1A12B57406500FA067B /* GraphicalComponent.swift */; };
		B3D45E3B2B717FA400D0CCDD /* Wave.swift in Sources */ = {isa = PBXBuildFile; fileRef = B3D45E3A2B717FA400D0CCDD /* Wave.swift */; };
/* End PBXBuildFile section */

/* Begin PBXContainerItemProxy section */
		B30381542B4E3255008B951D /* PBXContainerItemProxy */ = {
			isa = PBXContainerItemProxy;
			containerPortal = B303813B2B4E3253008B951D /* Project object */;
			proxyType = 1;
			remoteGlobalIDString = B30381422B4E3253008B951D;
			remoteInfo = Budget;
		};
		B303815E2B4E3255008B951D /* PBXContainerItemProxy */ = {
			isa = PBXContainerItemProxy;
			containerPortal = B303813B2B4E3253008B951D /* Project object */;
			proxyType = 1;
			remoteGlobalIDString = B30381422B4E3253008B951D;
			remoteInfo = Budget;
		};
/* End PBXContainerItemProxy section */

/* Begin PBXFileReference section */
		B30381432B4E3253008B951D /* Budget.app */ = {isa = PBXFileReference; explicitFileType = wrapper.application; includeInIndex = 0; path = Budget.app; sourceTree = BUILT_PRODUCTS_DIR; };
		B30381462B4E3253008B951D /* BudgetApp.swift */ = {isa = PBXFileReference; lastKnownFileType = sourcecode.swift; path = BudgetApp.swift; sourceTree = "<group>"; };
		B30381482B4E3253008B951D /* ContentView.swift */ = {isa = PBXFileReference; lastKnownFileType = sourcecode.swift; path = ContentView.swift; sourceTree = "<group>"; };
		B303814A2B4E3255008B951D /* Assets.xcassets */ = {isa = PBXFileReference; lastKnownFileType = folder.assetcatalog; path = Assets.xcassets; sourceTree = "<group>"; };
		B303814D2B4E3255008B951D /* Preview Assets.xcassets */ = {isa = PBXFileReference; lastKnownFileType = folder.assetcatalog; path = "Preview Assets.xcassets"; sourceTree = "<group>"; };
		B30381532B4E3255008B951D /* BudgetTests.xctest */ = {isa = PBXFileReference; explicitFileType = wrapper.cfbundle; includeInIndex = 0; path = BudgetTests.xctest; sourceTree = BUILT_PRODUCTS_DIR; };
		B30381572B4E3255008B951D /* BudgetTests.swift */ = {isa = PBXFileReference; lastKnownFileType = sourcecode.swift; path = BudgetTests.swift; sourceTree = "<group>"; };
		B303815D2B4E3255008B951D /* BudgetUITests.xctest */ = {isa = PBXFileReference; explicitFileType = wrapper.cfbundle; includeInIndex = 0; path = BudgetUITests.xctest; sourceTree = BUILT_PRODUCTS_DIR; };
		B30381612B4E3255008B951D /* BudgetUITests.swift */ = {isa = PBXFileReference; lastKnownFileType = sourcecode.swift; path = BudgetUITests.swift; sourceTree = "<group>"; };
		B30381632B4E3255008B951D /* BudgetUITestsLaunchTests.swift */ = {isa = PBXFileReference; lastKnownFileType = sourcecode.swift; path = BudgetUITestsLaunchTests.swift; sourceTree = "<group>"; };
		B382C3472B7B16AA00495148 /* CheckeredMesh.swift */ = {isa = PBXFileReference; lastKnownFileType = sourcecode.swift; path = CheckeredMesh.swift; sourceTree = "<group>"; };
		B382C3492B7B200D00495148 /* MeshComponent.swift */ = {isa = PBXFileReference; lastKnownFileType = sourcecode.swift; path = MeshComponent.swift; sourceTree = "<group>"; };
		B3877ACA2B79A47E009EAE94 /* WaveComponent.swift */ = {isa = PBXFileReference; lastKnownFileType = sourcecode.swift; path = WaveComponent.swift; sourceTree = "<group>"; };
		B387E1962B57158400FA067B /* CustomRectangle.swift */ = {isa = PBXFileReference; lastKnownFileType = sourcecode.swift; path = CustomRectangle.swift; sourceTree = "<group>"; };
		B387E1992B571DD500FA067B /* CustomCircle.swift */ = {isa = PBXFileReference; lastKnownFileType = sourcecode.swift; path = CustomCircle.swift; sourceTree = "<group>"; };
		B387E19F2B5728AA00FA067B /* ContentViewVm.swift */ = {isa = PBXFileReference; lastKnownFileType = sourcecode.swift; path = ContentViewVm.swift; sourceTree = "<group>"; };
		B387E1A12B57406500FA067B /* GraphicalComponent.swift */ = {isa = PBXFileReference; lastKnownFileType = sourcecode.swift; path = GraphicalComponent.swift; sourceTree = "<group>"; };
		B3D45E3A2B717FA400D0CCDD /* Wave.swift */ = {isa = PBXFileReference; lastKnownFileType = sourcecode.swift; path = Wave.swift; sourceTree = "<group>"; };
/* End PBXFileReference section */

/* Begin PBXFrameworksBuildPhase section */
		B30381402B4E3253008B951D /* Frameworks */ = {
			isa = PBXFrameworksBuildPhase;
			buildActionMask = 2147483647;
			files = (
			);
			runOnlyForDeploymentPostprocessing = 0;
		};
		B30381502B4E3255008B951D /* Frameworks */ = {
			isa = PBXFrameworksBuildPhase;
			buildActionMask = 2147483647;
			files = (
			);
			runOnlyForDeploymentPostprocessing = 0;
		};
		B303815A2B4E3255008B951D /* Frameworks */ = {
			isa = PBXFrameworksBuildPhase;
			buildActionMask = 2147483647;
			files = (
			);
			runOnlyForDeploymentPostprocessing = 0;
		};
/* End PBXFrameworksBuildPhase section */

/* Begin PBXGroup section */
		B303813A2B4E3253008B951D = {
			isa = PBXGroup;
			children = (
				B30381452B4E3253008B951D /* Budget */,
				B30381562B4E3255008B951D /* BudgetTests */,
				B30381602B4E3255008B951D /* BudgetUITests */,
				B30381442B4E3253008B951D /* Products */,
			);
			sourceTree = "<group>";
		};
		B30381442B4E3253008B951D /* Products */ = {
			isa = PBXGroup;
			children = (
				B30381432B4E3253008B951D /* Budget.app */,
				B30381532B4E3255008B951D /* BudgetTests.xctest */,
				B303815D2B4E3255008B951D /* BudgetUITests.xctest */,
			);
			name = Products;
			sourceTree = "<group>";
		};
		B30381452B4E3253008B951D /* Budget */ = {
			isa = PBXGroup;
			children = (
				B387E1A42B5749AC00FA067B /* App */,
				B387E19C2B57286400FA067B /* Views */,
				B387E19B2B57283600FA067B /* Components */,
				B303814C2B4E3255008B951D /* Preview Content */,
			);
			path = Budget;
			sourceTree = "<group>";
		};
		B303814C2B4E3255008B951D /* Preview Content */ = {
			isa = PBXGroup;
			children = (
				B303814D2B4E3255008B951D /* Preview Assets.xcassets */,
			);
			path = "Preview Content";
			sourceTree = "<group>";
		};
		B30381562B4E3255008B951D /* BudgetTests */ = {
			isa = PBXGroup;
			children = (
				B30381572B4E3255008B951D /* BudgetTests.swift */,
			);
			path = BudgetTests;
			sourceTree = "<group>";
		};
		B30381602B4E3255008B951D /* BudgetUITests */ = {
			isa = PBXGroup;
			children = (
				B30381612B4E3255008B951D /* BudgetUITests.swift */,
				B30381632B4E3255008B951D /* BudgetUITestsLaunchTests.swift */,
			);
			path = BudgetUITests;
			sourceTree = "<group>";
		};
		B387E19B2B57283600FA067B /* Components */ = {
			isa = PBXGroup;
			children = (
				B382C3472B7B16AA00495148 /* CheckeredMesh.swift */,
				B382C3492B7B200D00495148 /* MeshComponent.swift */,
				B387E1A12B57406500FA067B /* GraphicalComponent.swift */,
				B387E1962B57158400FA067B /* CustomRectangle.swift */,
				B387E1992B571DD500FA067B /* CustomCircle.swift */,
				B3877ACA2B79A47E009EAE94 /* WaveComponent.swift */,
				B3D45E3A2B717FA400D0CCDD /* Wave.swift */,
			);
			path = Components;
			sourceTree = "<group>";
		};
		B387E19C2B57286400FA067B /* Views */ = {
			isa = PBXGroup;
			children = (
				B387E1A32B57499900FA067B /* ContentView */,
			);
			path = Views;
			sourceTree = "<group>";
		};
		B387E1A32B57499900FA067B /* ContentView */ = {
			isa = PBXGroup;
			children = (
				B30381482B4E3253008B951D /* ContentView.swift */,
				B387E19F2B5728AA00FA067B /* ContentViewVm.swift */,
			);
			path = ContentView;
			sourceTree = "<group>";
		};
		B387E1A42B5749AC00FA067B /* App */ = {
			isa = PBXGroup;
			children = (
				B303814A2B4E3255008B951D /* Assets.xcassets */,
				B30381462B4E3253008B951D /* BudgetApp.swift */,
			);
			path = App;
			sourceTree = "<group>";
		};
/* End PBXGroup section */

/* Begin PBXNativeTarget section */
		B30381422B4E3253008B951D /* Budget */ = {
			isa = PBXNativeTarget;
			buildConfigurationList = B30381672B4E3255008B951D /* Build configuration list for PBXNativeTarget "Budget" */;
			buildPhases = (
				B303813F2B4E3253008B951D /* Sources */,
				B30381402B4E3253008B951D /* Frameworks */,
				B30381412B4E3253008B951D /* Resources */,
			);
			buildRules = (
			);
			dependencies = (
			);
			name = Budget;
			productName = Budget;
			productReference = B30381432B4E3253008B951D /* Budget.app */;
			productType = "com.apple.product-type.application";
		};
		B30381522B4E3255008B951D /* BudgetTests */ = {
			isa = PBXNativeTarget;
			buildConfigurationList = B303816A2B4E3255008B951D /* Build configuration list for PBXNativeTarget "BudgetTests" */;
			buildPhases = (
				B303814F2B4E3255008B951D /* Sources */,
				B30381502B4E3255008B951D /* Frameworks */,
				B30381512B4E3255008B951D /* Resources */,
			);
			buildRules = (
			);
			dependencies = (
				B30381552B4E3255008B951D /* PBXTargetDependency */,
			);
			name = BudgetTests;
			productName = BudgetTests;
			productReference = B30381532B4E3255008B951D /* BudgetTests.xctest */;
			productType = "com.apple.product-type.bundle.unit-test";
		};
		B303815C2B4E3255008B951D /* BudgetUITests */ = {
			isa = PBXNativeTarget;
			buildConfigurationList = B303816D2B4E3255008B951D /* Build configuration list for PBXNativeTarget "BudgetUITests" */;
			buildPhases = (
				B30381592B4E3255008B951D /* Sources */,
				B303815A2B4E3255008B951D /* Frameworks */,
				B303815B2B4E3255008B951D /* Resources */,
			);
			buildRules = (
			);
			dependencies = (
				B303815F2B4E3255008B951D /* PBXTargetDependency */,
			);
			name = BudgetUITests;
			productName = BudgetUITests;
			productReference = B303815D2B4E3255008B951D /* BudgetUITests.xctest */;
			productType = "com.apple.product-type.bundle.ui-testing";
		};
/* End PBXNativeTarget section */

/* Begin PBXProject section */
		B303813B2B4E3253008B951D /* Project object */ = {
			isa = PBXProject;
			attributes = {
				BuildIndependentTargetsInParallel = 1;
				LastSwiftUpdateCheck = 1510;
				LastUpgradeCheck = 1510;
				TargetAttributes = {
					B30381422B4E3253008B951D = {
						CreatedOnToolsVersion = 15.1;
					};
					B30381522B4E3255008B951D = {
						CreatedOnToolsVersion = 15.1;
						TestTargetID = B30381422B4E3253008B951D;
					};
					B303815C2B4E3255008B951D = {
						CreatedOnToolsVersion = 15.1;
						TestTargetID = B30381422B4E3253008B951D;
					};
				};
			};
			buildConfigurationList = B303813E2B4E3253008B951D /* Build configuration list for PBXProject "Budget" */;
			compatibilityVersion = "Xcode 14.0";
			developmentRegion = en;
			hasScannedForEncodings = 0;
			knownRegions = (
				en,
				Base,
			);
			mainGroup = B303813A2B4E3253008B951D;
			productRefGroup = B30381442B4E3253008B951D /* Products */;
			projectDirPath = "";
			projectRoot = "";
			targets = (
				B30381422B4E3253008B951D /* Budget */,
				B30381522B4E3255008B951D /* BudgetTests */,
				B303815C2B4E3255008B951D /* BudgetUITests */,
			);
		};
/* End PBXProject section */

/* Begin PBXResourcesBuildPhase section */
		B30381412B4E3253008B951D /* Resources */ = {
			isa = PBXResourcesBuildPhase;
			buildActionMask = 2147483647;
			files = (
				B303814E2B4E3255008B951D /* Preview Assets.xcassets in Resources */,
				B303814B2B4E3255008B951D /* Assets.xcassets in Resources */,
			);
			runOnlyForDeploymentPostprocessing = 0;
		};
		B30381512B4E3255008B951D /* Resources */ = {
			isa = PBXResourcesBuildPhase;
			buildActionMask = 2147483647;
			files = (
			);
			runOnlyForDeploymentPostprocessing = 0;
		};
		B303815B2B4E3255008B951D /* Resources */ = {
			isa = PBXResourcesBuildPhase;
			buildActionMask = 2147483647;
			files = (
			);
			runOnlyForDeploymentPostprocessing = 0;
		};
/* End PBXResourcesBuildPhase section */

/* Begin PBXSourcesBuildPhase section */
		B303813F2B4E3253008B951D /* Sources */ = {
			isa = PBXSourcesBuildPhase;
			buildActionMask = 2147483647;
			files = (
				B382C3482B7B16AA00495148 /* CheckeredMesh.swift in Sources */,
				B387E1972B57158400FA067B /* CustomRectangle.swift in Sources */,
				B382C34A2B7B200D00495148 /* MeshComponent.swift in Sources */,
				B30381492B4E3253008B951D /* ContentView.swift in Sources */,
				B3D45E3B2B717FA400D0CCDD /* Wave.swift in Sources */,
				B387E19A2B571DD500FA067B /* CustomCircle.swift in Sources */,
				B3877ACB2B79A47E009EAE94 /* WaveComponent.swift in Sources */,
				B30381472B4E3253008B951D /* BudgetApp.swift in Sources */,
				B387E1A02B5728AA00FA067B /* ContentViewVm.swift in Sources */,
				B387E1A22B57406500FA067B /* GraphicalComponent.swift in Sources */,
			);
			runOnlyForDeploymentPostprocessing = 0;
		};
		B303814F2B4E3255008B951D /* Sources */ = {
			isa = PBXSourcesBuildPhase;
			buildActionMask = 2147483647;
			files = (
				B30381582B4E3255008B951D /* BudgetTests.swift in Sources */,
			);
			runOnlyForDeploymentPostprocessing = 0;
		};
		B30381592B4E3255008B951D /* Sources */ = {
			isa = PBXSourcesBuildPhase;
			buildActionMask = 2147483647;
			files = (
				B30381622B4E3255008B951D /* BudgetUITests.swift in Sources */,
				B30381642B4E3255008B951D /* BudgetUITestsLaunchTests.swift in Sources */,
			);
			runOnlyForDeploymentPostprocessing = 0;
		};
/* End PBXSourcesBuildPhase section */

/* Begin PBXTargetDependency section */
		B30381552B4E3255008B951D /* PBXTargetDependency */ = {
			isa = PBXTargetDependency;
			target = B30381422B4E3253008B951D /* Budget */;
			targetProxy = B30381542B4E3255008B951D /* PBXContainerItemProxy */;
		};
		B303815F2B4E3255008B951D /* PBXTargetDependency */ = {
			isa = PBXTargetDependency;
			target = B30381422B4E3253008B951D /* Budget */;
			targetProxy = B303815E2B4E3255008B951D /* PBXContainerItemProxy */;
		};
/* End PBXTargetDependency section */

/* Begin XCBuildConfiguration section */
		B30381652B4E3255008B951D /* Debug */ = {
			isa = XCBuildConfiguration;
			buildSettings = {
				ALWAYS_SEARCH_USER_PATHS = NO;
				ASSETCATALOG_COMPILER_GENERATE_SWIFT_ASSET_SYMBOL_EXTENSIONS = YES;
				CLANG_ANALYZER_NONNULL = YES;
				CLANG_ANALYZER_NUMBER_OBJECT_CONVERSION = YES_AGGRESSIVE;
				CLANG_CXX_LANGUAGE_STANDARD = "gnu++20";
				CLANG_ENABLE_MODULES = YES;
				CLANG_ENABLE_OBJC_ARC = YES;
				CLANG_ENABLE_OBJC_WEAK = YES;
				CLANG_WARN_BLOCK_CAPTURE_AUTORELEASING = YES;
				CLANG_WARN_BOOL_CONVERSION = YES;
				CLANG_WARN_COMMA = YES;
				CLANG_WARN_CONSTANT_CONVERSION = YES;
				CLANG_WARN_DEPRECATED_OBJC_IMPLEMENTATIONS = YES;
				CLANG_WARN_DIRECT_OBJC_ISA_USAGE = YES_ERROR;
				CLANG_WARN_DOCUMENTATION_COMMENTS = YES;
				CLANG_WARN_EMPTY_BODY = YES;
				CLANG_WARN_ENUM_CONVERSION = YES;
				CLANG_WARN_INFINITE_RECURSION = YES;
				CLANG_WARN_INT_CONVERSION = YES;
				CLANG_WARN_NON_LITERAL_NULL_CONVERSION = YES;
				CLANG_WARN_OBJC_IMPLICIT_RETAIN_SELF = YES;
				CLANG_WARN_OBJC_LITERAL_CONVERSION = YES;
				CLANG_WARN_OBJC_ROOT_CLASS = YES_ERROR;
				CLANG_WARN_QUOTED_INCLUDE_IN_FRAMEWORK_HEADER = YES;
				CLANG_WARN_RANGE_LOOP_ANALYSIS = YES;
				CLANG_WARN_STRICT_PROTOTYPES = YES;
				CLANG_WARN_SUSPICIOUS_MOVE = YES;
				CLANG_WARN_UNGUARDED_AVAILABILITY = YES_AGGRESSIVE;
				CLANG_WARN_UNREACHABLE_CODE = YES;
				CLANG_WARN__DUPLICATE_METHOD_MATCH = YES;
				COPY_PHASE_STRIP = NO;
				DEBUG_INFORMATION_FORMAT = dwarf;
				ENABLE_STRICT_OBJC_MSGSEND = YES;
				ENABLE_TESTABILITY = YES;
				ENABLE_USER_SCRIPT_SANDBOXING = YES;
				GCC_C_LANGUAGE_STANDARD = gnu17;
				GCC_DYNAMIC_NO_PIC = NO;
				GCC_NO_COMMON_BLOCKS = YES;
				GCC_OPTIMIZATION_LEVEL = 0;
				GCC_PREPROCESSOR_DEFINITIONS = (
					"DEBUG=1",
					"$(inherited)",
				);
				GCC_WARN_64_TO_32_BIT_CONVERSION = YES;
				GCC_WARN_ABOUT_RETURN_TYPE = YES_ERROR;
				GCC_WARN_UNDECLARED_SELECTOR = YES;
				GCC_WARN_UNINITIALIZED_AUTOS = YES_AGGRESSIVE;
				GCC_WARN_UNUSED_FUNCTION = YES;
				GCC_WARN_UNUSED_VARIABLE = YES;
				IPHONEOS_DEPLOYMENT_TARGET = 17.2;
				LOCALIZATION_PREFERS_STRING_CATALOGS = YES;
				MTL_ENABLE_DEBUG_INFO = INCLUDE_SOURCE;
				MTL_FAST_MATH = YES;
				ONLY_ACTIVE_ARCH = YES;
				SDKROOT = iphoneos;
				SWIFT_ACTIVE_COMPILATION_CONDITIONS = "DEBUG $(inherited)";
				SWIFT_OPTIMIZATION_LEVEL = "-Onone";
			};
			name = Debug;
		};
		B30381662B4E3255008B951D /* Release */ = {
			isa = XCBuildConfiguration;
			buildSettings = {
				ALWAYS_SEARCH_USER_PATHS = NO;
				ASSETCATALOG_COMPILER_GENERATE_SWIFT_ASSET_SYMBOL_EXTENSIONS = YES;
				CLANG_ANALYZER_NONNULL = YES;
				CLANG_ANALYZER_NUMBER_OBJECT_CONVERSION = YES_AGGRESSIVE;
				CLANG_CXX_LANGUAGE_STANDARD = "gnu++20";
				CLANG_ENABLE_MODULES = YES;
				CLANG_ENABLE_OBJC_ARC = YES;
				CLANG_ENABLE_OBJC_WEAK = YES;
				CLANG_WARN_BLOCK_CAPTURE_AUTORELEASING = YES;
				CLANG_WARN_BOOL_CONVERSION = YES;
				CLANG_WARN_COMMA = YES;
				CLANG_WARN_CONSTANT_CONVERSION = YES;
				CLANG_WARN_DEPRECATED_OBJC_IMPLEMENTATIONS = YES;
				CLANG_WARN_DIRECT_OBJC_ISA_USAGE = YES_ERROR;
				CLANG_WARN_DOCUMENTATION_COMMENTS = YES;
				CLANG_WARN_EMPTY_BODY = YES;
				CLANG_WARN_ENUM_CONVERSION = YES;
				CLANG_WARN_INFINITE_RECURSION = YES;
				CLANG_WARN_INT_CONVERSION = YES;
				CLANG_WARN_NON_LITERAL_NULL_CONVERSION = YES;
				CLANG_WARN_OBJC_IMPLICIT_RETAIN_SELF = YES;
				CLANG_WARN_OBJC_LITERAL_CONVERSION = YES;
				CLANG_WARN_OBJC_ROOT_CLASS = YES_ERROR;
				CLANG_WARN_QUOTED_INCLUDE_IN_FRAMEWORK_HEADER = YES;
				CLANG_WARN_RANGE_LOOP_ANALYSIS = YES;
				CLANG_WARN_STRICT_PROTOTYPES = YES;
				CLANG_WARN_SUSPICIOUS_MOVE = YES;
				CLANG_WARN_UNGUARDED_AVAILABILITY = YES_AGGRESSIVE;
				CLANG_WARN_UNREACHABLE_CODE = YES;
				CLANG_WARN__DUPLICATE_METHOD_MATCH = YES;
				COPY_PHASE_STRIP = NO;
				DEBUG_INFORMATION_FORMAT = "dwarf-with-dsym";
				ENABLE_NS_ASSERTIONS = NO;
				ENABLE_STRICT_OBJC_MSGSEND = YES;
				ENABLE_USER_SCRIPT_SANDBOXING = YES;
				GCC_C_LANGUAGE_STANDARD = gnu17;
				GCC_NO_COMMON_BLOCKS = YES;
				GCC_WARN_64_TO_32_BIT_CONVERSION = YES;
				GCC_WARN_ABOUT_RETURN_TYPE = YES_ERROR;
				GCC_WARN_UNDECLARED_SELECTOR = YES;
				GCC_WARN_UNINITIALIZED_AUTOS = YES_AGGRESSIVE;
				GCC_WARN_UNUSED_FUNCTION = YES;
				GCC_WARN_UNUSED_VARIABLE = YES;
				IPHONEOS_DEPLOYMENT_TARGET = 17.2;
				LOCALIZATION_PREFERS_STRING_CATALOGS = YES;
				MTL_ENABLE_DEBUG_INFO = NO;
				MTL_FAST_MATH = YES;
				SDKROOT = iphoneos;
				SWIFT_COMPILATION_MODE = wholemodule;
				VALIDATE_PRODUCT = YES;
			};
			name = Release;
		};
		B30381682B4E3255008B951D /* Debug */ = {
			isa = XCBuildConfiguration;
			buildSettings = {
				ASSETCATALOG_COMPILER_APPICON_NAME = AppIcon;
				ASSETCATALOG_COMPILER_GLOBAL_ACCENT_COLOR_NAME = AccentColor;
				CODE_SIGN_STYLE = Automatic;
				CURRENT_PROJECT_VERSION = 1;
				DEVELOPMENT_ASSET_PATHS = "\"Budget/Preview Content\"";
				DEVELOPMENT_TEAM = KV78S9S54R;
				ENABLE_PREVIEWS = YES;
				GENERATE_INFOPLIST_FILE = YES;
				INFOPLIST_KEY_UIApplicationSceneManifest_Generation = YES;
				INFOPLIST_KEY_UIApplicationSupportsIndirectInputEvents = YES;
				INFOPLIST_KEY_UILaunchScreen_Generation = YES;
				INFOPLIST_KEY_UISupportedInterfaceOrientations_iPad = "UIInterfaceOrientationPortrait UIInterfaceOrientationPortraitUpsideDown UIInterfaceOrientationLandscapeLeft UIInterfaceOrientationLandscapeRight";
				INFOPLIST_KEY_UISupportedInterfaceOrientations_iPhone = "UIInterfaceOrientationPortrait UIInterfaceOrientationLandscapeLeft UIInterfaceOrientationLandscapeRight";
				LD_RUNPATH_SEARCH_PATHS = (
					"$(inherited)",
					"@executable_path/Frameworks",
				);
				MARKETING_VERSION = 1.0;
				PRODUCT_BUNDLE_IDENTIFIER = Jairo.Budget;
				PRODUCT_NAME = "$(TARGET_NAME)";
				SWIFT_EMIT_LOC_STRINGS = YES;
				SWIFT_VERSION = 5.0;
				TARGETED_DEVICE_FAMILY = "1,2";
			};
			name = Debug;
		};
		B30381692B4E3255008B951D /* Release */ = {
			isa = XCBuildConfiguration;
			buildSettings = {
				ASSETCATALOG_COMPILER_APPICON_NAME = AppIcon;
				ASSETCATALOG_COMPILER_GLOBAL_ACCENT_COLOR_NAME = AccentColor;
				CODE_SIGN_STYLE = Automatic;
				CURRENT_PROJECT_VERSION = 1;
				DEVELOPMENT_ASSET_PATHS = "\"Budget/Preview Content\"";
				DEVELOPMENT_TEAM = KV78S9S54R;
				ENABLE_PREVIEWS = YES;
				GENERATE_INFOPLIST_FILE = YES;
				INFOPLIST_KEY_UIApplicationSceneManifest_Generation = YES;
				INFOPLIST_KEY_UIApplicationSupportsIndirectInputEvents = YES;
				INFOPLIST_KEY_UILaunchScreen_Generation = YES;
				INFOPLIST_KEY_UISupportedInterfaceOrientations_iPad = "UIInterfaceOrientationPortrait UIInterfaceOrientationPortraitUpsideDown UIInterfaceOrientationLandscapeLeft UIInterfaceOrientationLandscapeRight";
				INFOPLIST_KEY_UISupportedInterfaceOrientations_iPhone = "UIInterfaceOrientationPortrait UIInterfaceOrientationLandscapeLeft UIInterfaceOrientationLandscapeRight";
				LD_RUNPATH_SEARCH_PATHS = (
					"$(inherited)",
					"@executable_path/Frameworks",
				);
				MARKETING_VERSION = 1.0;
				PRODUCT_BUNDLE_IDENTIFIER = Jairo.Budget;
				PRODUCT_NAME = "$(TARGET_NAME)";
				SWIFT_EMIT_LOC_STRINGS = YES;
				SWIFT_VERSION = 5.0;
				TARGETED_DEVICE_FAMILY = "1,2";
			};
			name = Release;
		};
		B303816B2B4E3255008B951D /* Debug */ = {
			isa = XCBuildConfiguration;
			buildSettings = {
				ALWAYS_EMBED_SWIFT_STANDARD_LIBRARIES = YES;
				BUNDLE_LOADER = "$(TEST_HOST)";
				CODE_SIGN_STYLE = Automatic;
				CURRENT_PROJECT_VERSION = 1;
				DEVELOPMENT_TEAM = KV78S9S54R;
				GENERATE_INFOPLIST_FILE = YES;
				IPHONEOS_DEPLOYMENT_TARGET = 17.2;
				MARKETING_VERSION = 1.0;
				PRODUCT_BUNDLE_IDENTIFIER = Jairo.BudgetTests;
				PRODUCT_NAME = "$(TARGET_NAME)";
				SWIFT_EMIT_LOC_STRINGS = NO;
				SWIFT_VERSION = 5.0;
				TARGETED_DEVICE_FAMILY = "1,2";
				TEST_HOST = "$(BUILT_PRODUCTS_DIR)/Budget.app/$(BUNDLE_EXECUTABLE_FOLDER_PATH)/Budget";
			};
			name = Debug;
		};
		B303816C2B4E3255008B951D /* Release */ = {
			isa = XCBuildConfiguration;
			buildSettings = {
				ALWAYS_EMBED_SWIFT_STANDARD_LIBRARIES = YES;
				BUNDLE_LOADER = "$(TEST_HOST)";
				CODE_SIGN_STYLE = Automatic;
				CURRENT_PROJECT_VERSION = 1;
				DEVELOPMENT_TEAM = KV78S9S54R;
				GENERATE_INFOPLIST_FILE = YES;
				IPHONEOS_DEPLOYMENT_TARGET = 17.2;
				MARKETING_VERSION = 1.0;
				PRODUCT_BUNDLE_IDENTIFIER = Jairo.BudgetTests;
				PRODUCT_NAME = "$(TARGET_NAME)";
				SWIFT_EMIT_LOC_STRINGS = NO;
				SWIFT_VERSION = 5.0;
				TARGETED_DEVICE_FAMILY = "1,2";
				TEST_HOST = "$(BUILT_PRODUCTS_DIR)/Budget.app/$(BUNDLE_EXECUTABLE_FOLDER_PATH)/Budget";
			};
			name = Release;
		};
		B303816E2B4E3255008B951D /* Debug */ = {
			isa = XCBuildConfiguration;
			buildSettings = {
				ALWAYS_EMBED_SWIFT_STANDARD_LIBRARIES = YES;
				CODE_SIGN_STYLE = Automatic;
				CURRENT_PROJECT_VERSION = 1;
				DEVELOPMENT_TEAM = KV78S9S54R;
				GENERATE_INFOPLIST_FILE = YES;
				MARKETING_VERSION = 1.0;
				PRODUCT_BUNDLE_IDENTIFIER = Jairo.BudgetUITests;
				PRODUCT_NAME = "$(TARGET_NAME)";
				SWIFT_EMIT_LOC_STRINGS = NO;
				SWIFT_VERSION = 5.0;
				TARGETED_DEVICE_FAMILY = "1,2";
				TEST_TARGET_NAME = Budget;
			};
			name = Debug;
		};
		B303816F2B4E3255008B951D /* Release */ = {
			isa = XCBuildConfiguration;
			buildSettings = {
				ALWAYS_EMBED_SWIFT_STANDARD_LIBRARIES = YES;
				CODE_SIGN_STYLE = Automatic;
				CURRENT_PROJECT_VERSION = 1;
				DEVELOPMENT_TEAM = KV78S9S54R;
				GENERATE_INFOPLIST_FILE = YES;
				MARKETING_VERSION = 1.0;
				PRODUCT_BUNDLE_IDENTIFIER = Jairo.BudgetUITests;
				PRODUCT_NAME = "$(TARGET_NAME)";
				SWIFT_EMIT_LOC_STRINGS = NO;
				SWIFT_VERSION = 5.0;
				TARGETED_DEVICE_FAMILY = "1,2";
				TEST_TARGET_NAME = Budget;
			};
			name = Release;
		};
/* End XCBuildConfiguration section */

/* Begin XCConfigurationList section */
		B303813E2B4E3253008B951D /* Build configuration list for PBXProject "Budget" */ = {
			isa = XCConfigurationList;
			buildConfigurations = (
				B30381652B4E3255008B951D /* Debug */,
				B30381662B4E3255008B951D /* Release */,
			);
			defaultConfigurationIsVisible = 0;
			defaultConfigurationName = Release;
		};
		B30381672B4E3255008B951D /* Build configuration list for PBXNativeTarget "Budget" */ = {
			isa = XCConfigurationList;
			buildConfigurations = (
				B30381682B4E3255008B951D /* Debug */,
				B30381692B4E3255008B951D /* Release */,
			);
			defaultConfigurationIsVisible = 0;
			defaultConfigurationName = Release;
		};
		B303816A2B4E3255008B951D /* Build configuration list for PBXNativeTarget "BudgetTests" */ = {
			isa = XCConfigurationList;
			buildConfigurations = (
				B303816B2B4E3255008B951D /* Debug */,
				B303816C2B4E3255008B951D /* Release */,
			);
			defaultConfigurationIsVisible = 0;
			defaultConfigurationName = Release;
		};
		B303816D2B4E3255008B951D /* Build configuration list for PBXNativeTarget "BudgetUITests" */ = {
			isa = XCConfigurationList;
			buildConfigurations = (
				B303816E2B4E3255008B951D /* Debug */,
				B303816F2B4E3255008B951D /* Release */,
			);
			defaultConfigurationIsVisible = 0;
			defaultConfigurationName = Release;
		};
/* End XCConfigurationList section */
	};
	rootObject = B303813B2B4E3253008B951D /* Project object */;
}
